
Microsoft Visual Studio Solution File, Format Version 12.00
# Visual Studio Version 17
VisualStudioVersion = 17.0.31410.414
MinimumVisualStudioVersion = 10.0.40219.1
Project("{FAE04EC0-301F-11D3-BF4B-00C04F79EFBC}") = "LearnMsalAngularV2.Api", "LearnMsalAngularV2.Api\LearnMsalAngularV2.Api.csproj", "{675A9693-9B84-482D-99CD-3B80632526E8}"
EndProject
Global
	GlobalSection(SolutionConfigurationPlatforms) = preSolution
		Debug|Any CPU = Debug|Any CPU
		Release|Any CPU = Release|Any CPU
	EndGlobalSection
	GlobalSection(ProjectConfigurationPlatforms) = postSolution
		{675A9693-9B84-482D-99CD-3B80632526E8}.Debug|Any CPU.ActiveCfg = Debug|Any CPU
		{675A9693-9B84-482D-99CD-3B80632526E8}.Debug|Any CPU.Build.0 = Debug|Any CPU
		{675A9693-9B84-482D-99CD-3B80632526E8}.Release|Any CPU.ActiveCfg = Release|Any CPU
		{675A9693-9B84-482D-99CD-3B80632526E8}.Release|Any CPU.Build.0 = Release|Any CPU
	EndGlobalSection
	GlobalSection(SolutionProperties) = preSolution
		HideSolutionNode = FALSE
	EndGlobalSection
	GlobalSection(ExtensibilityGlobals) = postSolution
		SolutionGuid = {77587B52-4C0B-4A50-B278-C53194A2904B}
	EndGlobalSection
EndGlobal
